
Microsoft Visual Studio Solution File, Format Version 12.00
# Visual Studio Version 16
VisualStudioVersion = 16.0.30517.126
MinimumVisualStudioVersion = 10.0.40219.1
Project("{FAE04EC0-301F-11D3-BF4B-00C04F79EFBC}") = "DockerChrome", "DockerChrome\DockerChrome.csproj", "{2E3BE648-FE51-4038-A49D-204F85B2784D}"
EndProject
Global
	GlobalSection(SolutionConfigurationPlatforms) = preSolution
		Debug|Any CPU = Debug|Any CPU
		Release|Any CPU = Release|Any CPU
	EndGlobalSection
	GlobalSection(ProjectConfigurationPlatforms) = postSolution
		{2E3BE648-FE51-4038-A49D-204F85B2784D}.Debug|Any CPU.ActiveCfg = Debug|Any CPU
		{2E3BE648-FE51-4038-A49D-204F85B2784D}.Debug|Any CPU.Build.0 = Debug|Any CPU
		{2E3BE648-FE51-4038-A49D-204F85B2784D}.Release|Any CPU.ActiveCfg = Release|Any CPU
		{2E3BE648-FE51-4038-A49D-204F85B2784D}.Release|Any CPU.Build.0 = Release|Any CPU
	EndGlobalSection
	GlobalSection(SolutionProperties) = preSolution
		HideSolutionNode = FALSE
	EndGlobalSection
	GlobalSection(ExtensibilityGlobals) = postSolution
		SolutionGuid = {9C1E41B3-1DF7-4FFD-9D67-499BAAE666F3}
	EndGlobalSection
EndGlobal
